{
    "_readme": [
        "This file locks the dependencies of your project to a known state",
        "Read more about it at http://getcomposer.org/doc/01-basic-usage.md#composer-lock-the-lock-file"
    ],
    "hash": "92764ee38bcc9fde5c2861c437a16bd1",
    "packages": [
        {
            "name": "pear/system_daemon",
            "version": "dev-master",
            "source": {
                "type": "git",
                "url": "https://github.com/tomglue/system_daemon.git",
                "reference": "ae868c79312093d5b5174bbe4d93bbf1e8a11466"
            },
            "dist": {
                "type": "zip",
                "url": "https://api.github.com/repos/tomglue/system_daemon/zipball/ae868c79312093d5b5174bbe4d93bbf1e8a11466",
                "reference": "ae868c79312093d5b5174bbe4d93bbf1e8a11466",
                "shasum": ""
            },
            "require": {
                "php": ">=5.3.0"
            },
            "type": "library",
            "autoload": {
                "classmap": [
                    "System/Daemon.php"
                ]
            },
            "notification-url": "https://packagist.org/downloads/",
            "description": "A port of the PEAR class to create Daemons with pure PHP",
            "time": "2013-02-26 22:44:14"
        }
    ],
    "packages-dev": [

    ],
    "aliases": [

    ],
    "minimum-stability": "stable",
    "stability-flags": {
        "pear/system_daemon": 20
    },
    "platform": [

    ],
    "platform-dev": [

    ]
}
